// !$*UTF8*$!
{
	archiveVersion = 1;
	classes = {
	};
	objectVersion = 56;
	objects = {

/* Begin PBXBuildFile section */
		11FDF03B2AE88B8700008D2F /* ContactStore.swift in Sources */ = {isa = PBXBuildFile; fileRef = 11FDF03A2AE88B8700008D2F /* ContactStore.swift */; };
		11FDF03D2AE88B9D00008D2F /* ContactDetail.swift in Sources */ = {isa = PBXBuildFile; fileRef = 11FDF03C2AE88B9D00008D2F /* ContactDetail.swift */; };
		11FDF03F2AE88BAF00008D2F /* ContactRow.swift in Sources */ = {isa = PBXBuildFile; fileRef = 11FDF03E2AE88BAF00008D2F /* ContactRow.swift */; };
		11FDF0412AE88BC300008D2F /* ContactsListView.swift in Sources */ = {isa = PBXBuildFile; fileRef = 11FDF0402AE88BC300008D2F /* ContactsListView.swift */; };
		11FDF0452AE88C0C00008D2F /* HappyDayz_App.swift in Sources */ = {isa = PBXBuildFile; fileRef = 11FDF0442AE88C0C00008D2F /* HappyDayz_App.swift */; };
		11FDF0472AE88E0800008D2F /* ContactsListViewModel.swift in Sources */ = {isa = PBXBuildFile; fileRef = 11FDF0462AE88E0800008D2F /* ContactsListViewModel.swift */; };
		313247A42AD49592001E52B2 /* Assets.xcassets in Resources */ = {isa = PBXBuildFile; fileRef = 313247A32AD49592001E52B2 /* Assets.xcassets */; };
		313247A72AD49592001E52B2 /* Preview Assets.xcassets in Resources */ = {isa = PBXBuildFile; fileRef = 313247A62AD49592001E52B2 /* Preview Assets.xcassets */; };
		313247B12AD4960E001E52B2 /* Contact.swift in Sources */ = {isa = PBXBuildFile; fileRef = 313247AF2AD4960E001E52B2 /* Contact.swift */; };
/* End PBXBuildFile section */

/* Begin PBXFileReference section */
		11FDF03A2AE88B8700008D2F /* ContactStore.swift */ = {isa = PBXFileReference; lastKnownFileType = sourcecode.swift; path = ContactStore.swift; sourceTree = "<group>"; };
		11FDF03C2AE88B9D00008D2F /* ContactDetail.swift */ = {isa = PBXFileReference; lastKnownFileType = sourcecode.swift; path = ContactDetail.swift; sourceTree = "<group>"; };
		11FDF03E2AE88BAF00008D2F /* ContactRow.swift */ = {isa = PBXFileReference; lastKnownFileType = sourcecode.swift; path = ContactRow.swift; sourceTree = "<group>"; };
		11FDF0402AE88BC300008D2F /* ContactsListView.swift */ = {isa = PBXFileReference; lastKnownFileType = sourcecode.swift; path = ContactsListView.swift; sourceTree = "<group>"; };
		11FDF0442AE88C0C00008D2F /* HappyDayz_App.swift */ = {isa = PBXFileReference; lastKnownFileType = sourcecode.swift; path = HappyDayz_App.swift; sourceTree = "<group>"; };
		11FDF0462AE88E0800008D2F /* ContactsListViewModel.swift */ = {isa = PBXFileReference; lastKnownFileType = sourcecode.swift; path = ContactsListViewModel.swift; sourceTree = "<group>"; };
		3132479C2AD49591001E52B2 /* HappyDayz.app */ = {isa = PBXFileReference; explicitFileType = wrapper.application; includeInIndex = 0; path = HappyDayz.app; sourceTree = BUILT_PRODUCTS_DIR; };
		313247A32AD49592001E52B2 /* Assets.xcassets */ = {isa = PBXFileReference; lastKnownFileType = folder.assetcatalog; path = Assets.xcassets; sourceTree = "<group>"; };
		313247A62AD49592001E52B2 /* Preview Assets.xcassets */ = {isa = PBXFileReference; lastKnownFileType = folder.assetcatalog; path = "Preview Assets.xcassets"; sourceTree = "<group>"; };
		313247AF2AD4960E001E52B2 /* Contact.swift */ = {isa = PBXFileReference; fileEncoding = 4; lastKnownFileType = sourcecode.swift; path = Contact.swift; sourceTree = "<group>"; };
/* End PBXFileReference section */

/* Begin PBXFrameworksBuildPhase section */
		313247992AD49591001E52B2 /* Frameworks */ = {
			isa = PBXFrameworksBuildPhase;
			buildActionMask = 2147483647;
			files = (
			);
			runOnlyForDeploymentPostprocessing = 0;
		};
/* End PBXFrameworksBuildPhase section */

/* Begin PBXGroup section */
		313247932AD49591001E52B2 = {
			isa = PBXGroup;
			children = (
				3132479E2AD49591001E52B2 /* HappyDayz */,
				3132479D2AD49591001E52B2 /* Products */,
			);
			sourceTree = "<group>";
		};
		3132479D2AD49591001E52B2 /* Products */ = {
			isa = PBXGroup;
			children = (
				3132479C2AD49591001E52B2 /* HappyDayz.app */,
			);
			name = Products;
			sourceTree = "<group>";
		};
		3132479E2AD49591001E52B2 /* HappyDayz */ = {
			isa = PBXGroup;
			children = (
				313247AE2AD49602001E52B2 /* Model */,
				313247AD2AD495F1001E52B2 /* Contacts */,
				313247A32AD49592001E52B2 /* Assets.xcassets */,
				313247A52AD49592001E52B2 /* Preview Content */,
				11FDF0442AE88C0C00008D2F /* HappyDayz_App.swift */,
			);
			path = HappyDayz;
			sourceTree = "<group>";
		};
		313247A52AD49592001E52B2 /* Preview Content */ = {
			isa = PBXGroup;
			children = (
				313247A62AD49592001E52B2 /* Preview Assets.xcassets */,
			);
			path = "Preview Content";
			sourceTree = "<group>";
		};
		313247AD2AD495F1001E52B2 /* Contacts */ = {
			isa = PBXGroup;
			children = (
				11FDF03C2AE88B9D00008D2F /* ContactDetail.swift */,
				11FDF03E2AE88BAF00008D2F /* ContactRow.swift */,
				11FDF0402AE88BC300008D2F /* ContactsListView.swift */,
				11FDF0462AE88E0800008D2F /* ContactsListViewModel.swift */,
			);
			path = Contacts;
			sourceTree = "<group>";
		};
		313247AE2AD49602001E52B2 /* Model */ = {
			isa = PBXGroup;
			children = (
				313247AF2AD4960E001E52B2 /* Contact.swift */,
				11FDF03A2AE88B8700008D2F /* ContactStore.swift */,
			);
			path = Model;
			sourceTree = "<group>";
		};
/* End PBXGroup section */

/* Begin PBXNativeTarget section */
		3132479B2AD49591001E52B2 /* HappyDayz */ = {
			isa = PBXNativeTarget;
			buildConfigurationList = 313247AA2AD49592001E52B2 /* Build configuration list for PBXNativeTarget "HappyDayz" */;
			buildPhases = (
				313247982AD49591001E52B2 /* Sources */,
				313247992AD49591001E52B2 /* Frameworks */,
				3132479A2AD49591001E52B2 /* Resources */,
			);
			buildRules = (
			);
			dependencies = (
			);
			name = HappyDayz;
			productName = "INFO6131-Midterm-Template";
			productReference = 3132479C2AD49591001E52B2 /* HappyDayz.app */;
			productType = "com.apple.product-type.application";
		};
/* End PBXNativeTarget section */

/* Begin PBXProject section */
		313247942AD49591001E52B2 /* Project object */ = {
			isa = PBXProject;
			attributes = {
				BuildIndependentTargetsInParallel = 1;
				LastSwiftUpdateCheck = 1500;
				LastUpgradeCheck = 1500;
				TargetAttributes = {
					3132479B2AD49591001E52B2 = {
						CreatedOnToolsVersion = 15.0;
					};
				};
			};
			buildConfigurationList = 313247972AD49591001E52B2 /* Build configuration list for PBXProject "HappyDayz" */;
			compatibilityVersion = "Xcode 14.0";
			developmentRegion = en;
			hasScannedForEncodings = 0;
			knownRegions = (
				en,
				Base,
			);
			mainGroup = 313247932AD49591001E52B2;
			productRefGroup = 3132479D2AD49591001E52B2 /* Products */;
			projectDirPath = "";
			projectRoot = "";
			targets = (
				3132479B2AD49591001E52B2 /* HappyDayz */,
			);
		};
/* End PBXProject section */

/* Begin PBXResourcesBuildPhase section */
		3132479A2AD49591001E52B2 /* Resources */ = {
			isa = PBXResourcesBuildPhase;
			buildActionMask = 2147483647;
			files = (
				313247A72AD49592001E52B2 /* Preview Assets.xcassets in Resources */,
				313247A42AD49592001E52B2 /* Assets.xcassets in Resources */,
			);
			runOnlyForDeploymentPostprocessing = 0;
		};
/* End PBXResourcesBuildPhase section */

/* Begin PBXSourcesBuildPhase section */
		313247982AD49591001E52B2 /* Sources */ = {
			isa = PBXSourcesBuildPhase;
			buildActionMask = 2147483647;
			files = (
				11FDF03B2AE88B8700008D2F /* ContactStore.swift in Sources */,
				11FDF03D2AE88B9D00008D2F /* ContactDetail.swift in Sources */,
				313247B12AD4960E001E52B2 /* Contact.swift in Sources */,
				11FDF0452AE88C0C00008D2F /* HappyDayz_App.swift in Sources */,
				11FDF0472AE88E0800008D2F /* ContactsListViewModel.swift in Sources */,
				11FDF0412AE88BC300008D2F /* ContactsListView.swift in Sources */,
				11FDF03F2AE88BAF00008D2F /* ContactRow.swift in Sources */,
			);
			runOnlyForDeploymentPostprocessing = 0;
		};
/* End PBXSourcesBuildPhase section */

/* Begin XCBuildConfiguration section */
		313247A82AD49592001E52B2 /* Debug */ = {
			isa = XCBuildConfiguration;
			buildSettings = {
				ALWAYS_SEARCH_USER_PATHS = NO;
				ASSETCATALOG_COMPILER_GENERATE_SWIFT_ASSET_SYMBOL_EXTENSIONS = YES;
				CLANG_ANALYZER_NONNULL = YES;
				CLANG_ANALYZER_NUMBER_OBJECT_CONVERSION = YES_AGGRESSIVE;
				CLANG_CXX_LANGUAGE_STANDARD = "gnu++20";
				CLANG_ENABLE_MODULES = YES;
				CLANG_ENABLE_OBJC_ARC = YES;
				CLANG_ENABLE_OBJC_WEAK = YES;
				CLANG_WARN_BLOCK_CAPTURE_AUTORELEASING = YES;
				CLANG_WARN_BOOL_CONVERSION = YES;
				CLANG_WARN_COMMA = YES;
				CLANG_WARN_CONSTANT_CONVERSION = YES;
				CLANG_WARN_DEPRECATED_OBJC_IMPLEMENTATIONS = YES;
				CLANG_WARN_DIRECT_OBJC_ISA_USAGE = YES_ERROR;
				CLANG_WARN_DOCUMENTATION_COMMENTS = YES;
				CLANG_WARN_EMPTY_BODY = YES;
				CLANG_WARN_ENUM_CONVERSION = YES;
				CLANG_WARN_INFINITE_RECURSION = YES;
				CLANG_WARN_INT_CONVERSION = YES;
				CLANG_WARN_NON_LITERAL_NULL_CONVERSION = YES;
				CLANG_WARN_OBJC_IMPLICIT_RETAIN_SELF = YES;
				CLANG_WARN_OBJC_LITERAL_CONVERSION = YES;
				CLANG_WARN_OBJC_ROOT_CLASS = YES_ERROR;
				CLANG_WARN_QUOTED_INCLUDE_IN_FRAMEWORK_HEADER = YES;
				CLANG_WARN_RANGE_LOOP_ANALYSIS = YES;
				CLANG_WARN_STRICT_PROTOTYPES = YES;
				CLANG_WARN_SUSPICIOUS_MOVE = YES;
				CLANG_WARN_UNGUARDED_AVAILABILITY = YES_AGGRESSIVE;
				CLANG_WARN_UNREACHABLE_CODE = YES;
				CLANG_WARN__DUPLICATE_METHOD_MATCH = YES;
				COPY_PHASE_STRIP = NO;
				DEBUG_INFORMATION_FORMAT = dwarf;
				ENABLE_STRICT_OBJC_MSGSEND = YES;
				ENABLE_TESTABILITY = YES;
				ENABLE_USER_SCRIPT_SANDBOXING = YES;
				GCC_C_LANGUAGE_STANDARD = gnu17;
				GCC_DYNAMIC_NO_PIC = NO;
				GCC_NO_COMMON_BLOCKS = YES;
				GCC_OPTIMIZATION_LEVEL = 0;
				GCC_PREPROCESSOR_DEFINITIONS = (
					"DEBUG=1",
					"$(inherited)",
				);
				GCC_WARN_64_TO_32_BIT_CONVERSION = YES;
				GCC_WARN_ABOUT_RETURN_TYPE = YES_ERROR;
				GCC_WARN_UNDECLARED_SELECTOR = YES;
				GCC_WARN_UNINITIALIZED_AUTOS = YES_AGGRESSIVE;
				GCC_WARN_UNUSED_FUNCTION = YES;
				GCC_WARN_UNUSED_VARIABLE = YES;
				IPHONEOS_DEPLOYMENT_TARGET = 17.0;
				LOCALIZATION_PREFERS_STRING_CATALOGS = YES;
				MTL_ENABLE_DEBUG_INFO = INCLUDE_SOURCE;
				MTL_FAST_MATH = YES;
				ONLY_ACTIVE_ARCH = YES;
				SDKROOT = iphoneos;
				SWIFT_ACTIVE_COMPILATION_CONDITIONS = "DEBUG $(inherited)";
				SWIFT_OPTIMIZATION_LEVEL = "-Onone";
			};
			name = Debug;
		};
		313247A92AD49592001E52B2 /* Release */ = {
			isa = XCBuildConfiguration;
			buildSettings = {
				ALWAYS_SEARCH_USER_PATHS = NO;
				ASSETCATALOG_COMPILER_GENERATE_SWIFT_ASSET_SYMBOL_EXTENSIONS = YES;
				CLANG_ANALYZER_NONNULL = YES;
				CLANG_ANALYZER_NUMBER_OBJECT_CONVERSION = YES_AGGRESSIVE;
				CLANG_CXX_LANGUAGE_STANDARD = "gnu++20";
				CLANG_ENABLE_MODULES = YES;
				CLANG_ENABLE_OBJC_ARC = YES;
				CLANG_ENABLE_OBJC_WEAK = YES;
				CLANG_WARN_BLOCK_CAPTURE_AUTORELEASING = YES;
				CLANG_WARN_BOOL_CONVERSION = YES;
				CLANG_WARN_COMMA = YES;
				CLANG_WARN_CONSTANT_CONVERSION = YES;
				CLANG_WARN_DEPRECATED_OBJC_IMPLEMENTATIONS = YES;
				CLANG_WARN_DIRECT_OBJC_ISA_USAGE = YES_ERROR;
				CLANG_WARN_DOCUMENTATION_COMMENTS = YES;
				CLANG_WARN_EMPTY_BODY = YES;
				CLANG_WARN_ENUM_CONVERSION = YES;
				CLANG_WARN_INFINITE_RECURSION = YES;
				CLANG_WARN_INT_CONVERSION = YES;
				CLANG_WARN_NON_LITERAL_NULL_CONVERSION = YES;
				CLANG_WARN_OBJC_IMPLICIT_RETAIN_SELF = YES;
				CLANG_WARN_OBJC_LITERAL_CONVERSION = YES;
				CLANG_WARN_OBJC_ROOT_CLASS = YES_ERROR;
				CLANG_WARN_QUOTED_INCLUDE_IN_FRAMEWORK_HEADER = YES;
				CLANG_WARN_RANGE_LOOP_ANALYSIS = YES;
				CLANG_WARN_STRICT_PROTOTYPES = YES;
				CLANG_WARN_SUSPICIOUS_MOVE = YES;
				CLANG_WARN_UNGUARDED_AVAILABILITY = YES_AGGRESSIVE;
				CLANG_WARN_UNREACHABLE_CODE = YES;
				CLANG_WARN__DUPLICATE_METHOD_MATCH = YES;
				COPY_PHASE_STRIP = NO;
				DEBUG_INFORMATION_FORMAT = "dwarf-with-dsym";
				ENABLE_NS_ASSERTIONS = NO;
				ENABLE_STRICT_OBJC_MSGSEND = YES;
				ENABLE_USER_SCRIPT_SANDBOXING = YES;
				GCC_C_LANGUAGE_STANDARD = gnu17;
				GCC_NO_COMMON_BLOCKS = YES;
				GCC_WARN_64_TO_32_BIT_CONVERSION = YES;
				GCC_WARN_ABOUT_RETURN_TYPE = YES_ERROR;
				GCC_WARN_UNDECLARED_SELECTOR = YES;
				GCC_WARN_UNINITIALIZED_AUTOS = YES_AGGRESSIVE;
				GCC_WARN_UNUSED_FUNCTION = YES;
				GCC_WARN_UNUSED_VARIABLE = YES;
				IPHONEOS_DEPLOYMENT_TARGET = 17.0;
				LOCALIZATION_PREFERS_STRING_CATALOGS = YES;
				MTL_ENABLE_DEBUG_INFO = NO;
				MTL_FAST_MATH = YES;
				SDKROOT = iphoneos;
				SWIFT_COMPILATION_MODE = wholemodule;
				VALIDATE_PRODUCT = YES;
			};
			name = Release;
		};
		313247AB2AD49592001E52B2 /* Debug */ = {
			isa = XCBuildConfiguration;
			buildSettings = {
				ASSETCATALOG_COMPILER_APPICON_NAME = AppIcon;
				ASSETCATALOG_COMPILER_GLOBAL_ACCENT_COLOR_NAME = AccentColor;
				CODE_SIGN_IDENTITY = "Apple Development";
				CODE_SIGN_STYLE = Automatic;
				CURRENT_PROJECT_VERSION = 1;
				DEVELOPMENT_ASSET_PATHS = "\"HappyDayz/Preview Content\"";
				DEVELOPMENT_TEAM = 955S48J4F9;
				ENABLE_PREVIEWS = YES;
				GENERATE_INFOPLIST_FILE = YES;
				INFOPLIST_KEY_UIApplicationSceneManifest_Generation = YES;
				INFOPLIST_KEY_UIApplicationSupportsIndirectInputEvents = YES;
				INFOPLIST_KEY_UILaunchScreen_Generation = YES;
				INFOPLIST_KEY_UISupportedInterfaceOrientations = UIInterfaceOrientationPortrait;
				INFOPLIST_KEY_UISupportedInterfaceOrientations_iPad = "UIInterfaceOrientationLandscapeLeft UIInterfaceOrientationLandscapeRight UIInterfaceOrientationPortrait UIInterfaceOrientationPortraitUpsideDown";
				LD_RUNPATH_SEARCH_PATHS = (
					"$(inherited)",
					"@executable_path/Frameworks",
				);
				MARKETING_VERSION = 1.0;
				PRODUCT_BUNDLE_IDENTIFIER = HappyDayz;
				PRODUCT_NAME = "$(TARGET_NAME)";
				PROVISIONING_PROFILE_SPECIFIER = "";
				SUPPORTED_PLATFORMS = "iphoneos iphonesimulator";
				SUPPORTS_MACCATALYST = NO;
				SUPPORTS_MAC_DESIGNED_FOR_IPHONE_IPAD = NO;
				SWIFT_EMIT_LOC_STRINGS = YES;
				SWIFT_VERSION = 5.0;
				TARGETED_DEVICE_FAMILY = 1;
			};
			name = Debug;
		};
		313247AC2AD49592001E52B2 /* Release */ = {
			isa = XCBuildConfiguration;
			buildSettings = {
				ASSETCATALOG_COMPILER_APPICON_NAME = AppIcon;
				ASSETCATALOG_COMPILER_GLOBAL_ACCENT_COLOR_NAME = AccentColor;
				CODE_SIGN_IDENTITY = "Apple Development";
				CODE_SIGN_STYLE = Automatic;
				CURRENT_PROJECT_VERSION = 1;
				DEVELOPMENT_ASSET_PATHS = "\"HappyDayz/Preview Content\"";
				DEVELOPMENT_TEAM = 955S48J4F9;
				ENABLE_PREVIEWS = YES;
				GENERATE_INFOPLIST_FILE = YES;
				INFOPLIST_KEY_UIApplicationSceneManifest_Generation = YES;
				INFOPLIST_KEY_UIApplicationSupportsIndirectInputEvents = YES;
				INFOPLIST_KEY_UILaunchScreen_Generation = YES;
				INFOPLIST_KEY_UISupportedInterfaceOrientations = UIInterfaceOrientationPortrait;
				INFOPLIST_KEY_UISupportedInterfaceOrientations_iPad = "UIInterfaceOrientationLandscapeLeft UIInterfaceOrientationLandscapeRight UIInterfaceOrientationPortrait UIInterfaceOrientationPortraitUpsideDown";
				LD_RUNPATH_SEARCH_PATHS = (
					"$(inherited)",
					"@executable_path/Frameworks",
				);
				MARKETING_VERSION = 1.0;
				PRODUCT_BUNDLE_IDENTIFIER = HappyDayz;
				PRODUCT_NAME = "$(TARGET_NAME)";
				PROVISIONING_PROFILE_SPECIFIER = "";
				SUPPORTED_PLATFORMS = "iphoneos iphonesimulator";
				SUPPORTS_MACCATALYST = NO;
				SUPPORTS_MAC_DESIGNED_FOR_IPHONE_IPAD = NO;
				SWIFT_EMIT_LOC_STRINGS = YES;
				SWIFT_VERSION = 5.0;
				TARGETED_DEVICE_FAMILY = 1;
			};
			name = Release;
		};
/* End XCBuildConfiguration section */

/* Begin XCConfigurationList section */
		313247972AD49591001E52B2 /* Build configuration list for PBXProject "HappyDayz" */ = {
			isa = XCConfigurationList;
			buildConfigurations = (
				313247A82AD49592001E52B2 /* Debug */,
				313247A92AD49592001E52B2 /* Release */,
			);
			defaultConfigurationIsVisible = 0;
			defaultConfigurationName = Release;
		};
		313247AA2AD49592001E52B2 /* Build configuration list for PBXNativeTarget "HappyDayz" */ = {
			isa = XCConfigurationList;
			buildConfigurations = (
				313247AB2AD49592001E52B2 /* Debug */,
				313247AC2AD49592001E52B2 /* Release */,
			);
			defaultConfigurationIsVisible = 0;
			defaultConfigurationName = Release;
		};
/* End XCConfigurationList section */
	};
	rootObject = 313247942AD49591001E52B2 /* Project object */;
}
